<?xml version="1.0" encoding="utf-8"?>
<Project ToolsVersion="4.0" xmlns="http://schemas.microsoft.com/developer/msbuild/2003">
  <ItemGroup>
    <Filter Include="リソース ファイル">
      <UniqueIdentifier>{67DA6AB6-F800-4c08-8B7A-83BB121AAD01}</UniqueIdentifier>
      <Extensions>rc;ico;cur;bmp;dlg;rc2;rct;bin;rgs;gif;jpg;jpeg;jpe;resx;tiff;tif;png;wav;mfcribbon-ms</Extensions>
    </Filter>
    <Filter Include="Game">
      <UniqueIdentifier>{7658846f-a499-4c86-90d0-7caabc156e58}</UniqueIdentifier>
    </Filter>
    <Filter Include="Game\Main">
      <UniqueIdentifier>{5e3c557f-588c-477a-a160-b3c4fd944e62}</UniqueIdentifier>
    </Filter>
    <Filter Include="Game\Scene">
      <UniqueIdentifier>{e617dc08-18bc-4f9c-a6b8-8bd4fceebab3}</UniqueIdentifier>
    </Filter>
    <Filter Include="Game\Actor">
      <UniqueIdentifier>{a4652f7a-bbba-462d-baac-7323bd974dd0}</UniqueIdentifier>
    </Filter>
    <Filter Include="Game\Picture">
      <UniqueIdentifier>{f9e50c2d-abdc-40ca-9650-4cd16a4ae759}</UniqueIdentifier>
    </Filter>
    <Filter Include="Game\Component">
      <UniqueIdentifier>{e43cba9a-1dc6-434a-a9cd-9838f89d81b9}</UniqueIdentifier>
    </Filter>
    <Filter Include="Game\Map">
      <UniqueIdentifier>{f683a5c8-63ad-4c27-8ecb-bf502b6bafca}</UniqueIdentifier>
    </Filter>
    <Filter Include="Game\UI">
      <UniqueIdentifier>{37653401-6455-4e6a-bed9-978cd5059a73}</UniqueIdentifier>
    </Filter>
    <Filter Include="Game\Info">
      <UniqueIdentifier>{25783b16-0fe6-434a-a352-3330caa607db}</UniqueIdentifier>
    </Filter>
    <Filter Include="Game\Component\Collision">
      <UniqueIdentifier>{8bf710bc-c42c-4ed8-b32d-cd4f7b9f8034}</UniqueIdentifier>
    </Filter>
    <Filter Include="Game\Component\Actor">
      <UniqueIdentifier>{178a1458-77be-48b2-8d3c-00b710026bee}</UniqueIdentifier>
    </Filter>
    <Filter Include="Game\Sound">
      <UniqueIdentifier>{9f0bfe38-9db8-4f2b-99c4-d658cd801b00}</UniqueIdentifier>
    </Filter>
    <Filter Include="Game\Actor\Ghost">
      <UniqueIdentifier>{0008601a-4571-4c03-a045-0c002a8169f0}</UniqueIdentifier>
    </Filter>
  </ItemGroup>
  <ItemGroup>
    <ClCompile Include="Game\Main\Main.cpp">
      <Filter>Game\Main</Filter>
    </ClCompile>
    <ClCompile Include="Game\Actor\Player.cpp">
      <Filter>Game\Actor</Filter>
    </ClCompile>
    <ClCompile Include="Game\Scene\SceneManeger.cpp">
      <Filter>Game\Scene</Filter>
    </ClCompile>
    <ClCompile Include="Game\Scene\GameScene.cpp">
      <Filter>Game\Scene</Filter>
    </ClCompile>
    <ClCompile Include="Game\Main\Key.cpp">
      <Filter>Game\Main</Filter>
    </ClCompile>
    <ClCompile Include="Game\Actor\Actor.cpp">
      <Filter>Game\Actor</Filter>
    </ClCompile>
    <ClCompile Include="Game\Scene\Scene.cpp">
      <Filter>Game\Scene</Filter>
    </ClCompile>
    <ClCompile Include="Game\Picture\Picture.cpp">
      <Filter>Game\Picture</Filter>
    </ClCompile>
    <ClCompile Include="Game\Scene\TitleScene.cpp">
      <Filter>Game\Scene</Filter>
    </ClCompile>
    <ClCompile Include="Game\Main\Status.cpp">
      <Filter>Game\Main</Filter>
    </ClCompile>
    <ClCompile Include="Game\Actor\BackGround.cpp">
      <Filter>Game\Actor</Filter>
    </ClCompile>
    <ClCompile Include="Game\Main\Game.cpp">
      <Filter>Game\Main</Filter>
    </ClCompile>
    <ClCompile Include="Game\Picture\PictureManeger.cpp">
      <Filter>Game\Picture</Filter>
    </ClCompile>
    <ClCompile Include="Game\Map\Map.cpp">
      <Filter>Game\Map</Filter>
    </ClCompile>
    <ClCompile Include="Game\Picture\LightPicture.cpp">
      <Filter>Game\Picture</Filter>
    </ClCompile>
    <ClCompile Include="Game\UserInterface\GamePauseUI.cpp">
      <Filter>Game\UI</Filter>
    </ClCompile>
    <ClCompile Include="Game\UserInterface\TitleUI.cpp">
      <Filter>Game\UI</Filter>
    </ClCompile>
    <ClCompile Include="Game\UserInterface\UserInterface.cpp">
      <Filter>Game\UI</Filter>
    </ClCompile>
    <ClCompile Include="Game\Main\Fps.cpp">
      <Filter>Game\Main</Filter>
    </ClCompile>
    <ClCompile Include="Game\Scene\StageSelectScene.cpp">
      <Filter>Game\Scene</Filter>
    </ClCompile>
    <ClCompile Include="Game\UserInterface\StageSelectUI.cpp">
      <Filter>Game\UI</Filter>
    </ClCompile>
    <ClCompile Include="Game\Actor\GoalLight.cpp">
      <Filter>Game\Actor</Filter>
    </ClCompile>
    <ClCompile Include="Game\Actor\Ladder.cpp">
      <Filter>Game\Actor</Filter>
    </ClCompile>
    <ClCompile Include="Game\UserInterface\InGameUI.cpp">
      <Filter>Game\UI</Filter>
    </ClCompile>
    <ClCompile Include="Game\UserInterface\GameClearUI.cpp">
      <Filter>Game\UI</Filter>
    </ClCompile>
    <ClCompile Include="Game\Actor\LuminousFigure.cpp">
      <Filter>Game\Actor</Filter>
    </ClCompile>
    <ClCompile Include="Game\UserInterface\GameOverUI.cpp">
      <Filter>Game\UI</Filter>
    </ClCompile>
    <ClCompile Include="Game\Actor\SolarPanel.cpp">
      <Filter>Game\Actor</Filter>
    </ClCompile>
    <ClCompile Include="Game\Actor\SolarPanelBlock.cpp">
      <Filter>Game\Actor</Filter>
    </ClCompile>
    <ClCompile Include="Game\Main\InputManager.cpp">
      <Filter>Game\Main</Filter>
    </ClCompile>
    <ClCompile Include="Game\Component\BoxCollisionCmp.cpp">
      <Filter>Game\Component\Collision</Filter>
    </ClCompile>
    <ClCompile Include="Game\Component\CircleCollisionCmp.cpp">
      <Filter>Game\Component\Collision</Filter>
    </ClCompile>
    <ClCompile Include="Game\Component\CollisionManeger.cpp">
      <Filter>Game\Component\Collision</Filter>
    </ClCompile>
    <ClCompile Include="Game\Component\MapCollision.cpp">
      <Filter>Game\Component\Collision</Filter>
    </ClCompile>
    <ClCompile Include="Game\Component\Component.cpp">
      <Filter>Game\Component</Filter>
    </ClCompile>
    <ClCompile Include="Game\Component\DarkPictureCmp.cpp">
      <Filter>Game\Component\Actor</Filter>
    </ClCompile>
    <ClCompile Include="Game\Component\LightCmp.cpp">
      <Filter>Game\Component\Actor</Filter>
    </ClCompile>
    <ClCompile Include="Game\Component\RigidbodyCmp.cpp">
      <Filter>Game\Component\Actor</Filter>
    </ClCompile>
    <ClCompile Include="Game\Actor\ActorManager.cpp">
      <Filter>Game\Actor</Filter>
    </ClCompile>
    <ClCompile Include="Game\Component\PictureCmp.cpp">
      <Filter>Game\Component\Actor</Filter>
    </ClCompile>
    <ClCompile Include="Game\Map\MapChipActor.cpp">
      <Filter>Game\Map</Filter>
    </ClCompile>
    <ClCompile Include="Game\Main\RayCast.cpp">
      <Filter>Game\Main</Filter>
    </ClCompile>
    <ClCompile Include="Game\Actor\Puddle.cpp">
      <Filter>Game\Actor</Filter>
    </ClCompile>
    <ClCompile Include="Game\Sound\SoundManager.cpp">
      <Filter>Game\Sound</Filter>
    </ClCompile>
    <ClCompile Include="Game\Sound\Sound.cpp">
      <Filter>Game\Sound</Filter>
    </ClCompile>
    <ClCompile Include="Game\Scene\TitleVideoScene.cpp">
      <Filter>Game\Scene</Filter>
    </ClCompile>
    <ClCompile Include="Game\UserInterface\TitleVideoUI.cpp">
      <Filter>Game\UI</Filter>
    </ClCompile>
    <ClCompile Include="Game\Picture\Slider.cpp">
      <Filter>Game\Picture</Filter>
    </ClCompile>
    <ClCompile Include="Game\Scene\CreditScene.cpp">
      <Filter>Game\Scene</Filter>
    </ClCompile>
    <ClCompile Include="Game\Scene\OptionScene.cpp">
      <Filter>Game\Scene</Filter>
    </ClCompile>
    <ClCompile Include="Game\UserInterface\CreditUI.cpp">
      <Filter>Game\UI</Filter>
    </ClCompile>
    <ClCompile Include="Game\UserInterface\OptionUI.cpp">
      <Filter>Game\UI</Filter>
    </ClCompile>
    <ClCompile Include="Game\Actor\ChaseGhost.cpp">
      <Filter>Game\Actor\Ghost</Filter>
    </ClCompile>
    <ClCompile Include="Game\Actor\AroundGhost.cpp">
      <Filter>Game\Actor\Ghost</Filter>
    </ClCompile>
    <ClCompile Include="Game\Actor\PastimeGhost.cpp">
      <Filter>Game\Actor\Ghost</Filter>
    </ClCompile>
    <ClCompile Include="Game\UserInterface\FadeUI.cpp">
      <Filter>Game\UI</Filter>
    </ClCompile>
    <ClCompile Include="Game\Actor\Door.cpp">
      <Filter>Game\Actor</Filter>
    </ClCompile>
    <ClCompile Include="Game\Main\SaveDataControl.cpp" />
    <ClCompile Include="Game\Actor\Curtains.cpp">
      <Filter>Game\Actor</Filter>
    </ClCompile>
    <ClCompile Include="Game\Actor\SpotLight.cpp">
      <Filter>Game\Actor</Filter>
    </ClCompile>
    <ClCompile Include="Game\Component\LineLightCmp.cpp">
      <Filter>Game\Component\Actor</Filter>
    </ClCompile>
    <ClCompile Include="Game\Actor\SensitiveGhost.cpp">
      <Filter>Game\Actor\Ghost</Filter>
    </ClCompile>
    <ClCompile Include="Game\Component\OnSoundCmp.cpp">
      <Filter>Game\Component\Actor</Filter>
    </ClCompile>
    <ClCompile Include="Game\Component\ClearLightCmp.cpp">
      <Filter>Game\Component\Actor</Filter>
    </ClCompile>
    <ClCompile Include="Game\Actor\Boombox.cpp">
      <Filter>Game\Actor</Filter>
    </ClCompile>
    <ClCompile Include="Game\Actor\TutorialBox.cpp">
      <Filter>Game\Actor</Filter>
    </ClCompile>
    <ClCompile Include="Game\Component\InteractKeyCmp.cpp">
      <Filter>Game\Component\Actor</Filter>
    </ClCompile>
    <ClCompile Include="Game\Component\BatteryPictureCmp.cpp">
      <Filter>Game\Component\Actor</Filter>
    </ClCompile>
    <ClCompile Include="Game\Actor\MusicalNote.cpp">
      <Filter>Game\Actor</Filter>
    </ClCompile>
  </ItemGroup>
  <ItemGroup>
    <ClInclude Include="Game\Actor\Player.h">
      <Filter>Game\Actor</Filter>
    </ClInclude>
    <ClInclude Include="Game\Scene\SceneManeger.h">
      <Filter>Game\Scene</Filter>
    </ClInclude>
    <ClInclude Include="Game\Scene\GameScene.h">
      <Filter>Game\Scene</Filter>
    </ClInclude>
    <ClInclude Include="Game\Actor\Actor.h">
      <Filter>Game\Actor</Filter>
    </ClInclude>
    <ClInclude Include="Game\Main\Key.h">
      <Filter>Game\Main</Filter>
    </ClInclude>
    <ClInclude Include="Game\Scene\Scene.h">
      <Filter>Game\Scene</Filter>
    </ClInclude>
    <ClInclude Include="resource.h" />
    <ClInclude Include="Game\Picture\Picture.h">
      <Filter>Game\Picture</Filter>
    </ClInclude>
    <ClInclude Include="Game\Scene\TitleScene.h">
      <Filter>Game\Scene</Filter>
    </ClInclude>
    <ClInclude Include="Game\Main\Status.h">
      <Filter>Game\Main</Filter>
    </ClInclude>
    <ClInclude Include="Game\Actor\BackGround.h">
      <Filter>Game\Actor</Filter>
    </ClInclude>
    <ClInclude Include="Game\Picture\PictureManeger.h">
      <Filter>Game\Picture</Filter>
    </ClInclude>
    <ClInclude Include="Game\Main\Game.h">
      <Filter>Game\Main</Filter>
    </ClInclude>
    <ClInclude Include="Game\Map\Map.h">
      <Filter>Game\Map</Filter>
    </ClInclude>
    <ClInclude Include="Game\Picture\LightPicture.h">
      <Filter>Game\Picture</Filter>
    </ClInclude>
    <ClInclude Include="Game\Main\Framework.h">
      <Filter>Game\Main</Filter>
    </ClInclude>
    <ClInclude Include="Game\UserInterface\GamePauseUI.h">
      <Filter>Game\UI</Filter>
    </ClInclude>
    <ClInclude Include="Game\UserInterface\TitleUI.h">
      <Filter>Game\UI</Filter>
    </ClInclude>
    <ClInclude Include="Game\UserInterface\UserInterface.h">
      <Filter>Game\UI</Filter>
    </ClInclude>
    <ClInclude Include="Game\Main\Fps.h">
      <Filter>Game\Main</Filter>
    </ClInclude>
    <ClInclude Include="Game\Scene\StageSelectScene.h">
      <Filter>Game\Scene</Filter>
    </ClInclude>
    <ClInclude Include="Game\UserInterface\StageSelectUI.h">
      <Filter>Game\UI</Filter>
    </ClInclude>
    <ClInclude Include="Game\Actor\GoalLight.h">
      <Filter>Game\Actor</Filter>
    </ClInclude>
    <ClInclude Include="Game\Actor\Ladder.h">
      <Filter>Game\Actor</Filter>
    </ClInclude>
    <ClInclude Include="Game\UserInterface\InGameUI.h">
      <Filter>Game\UI</Filter>
    </ClInclude>
    <ClInclude Include="Game\UserInterface\GameClearUI.h">
      <Filter>Game\UI</Filter>
    </ClInclude>
    <ClInclude Include="Game\Actor\LuminousFigure.h">
      <Filter>Game\Actor</Filter>
    </ClInclude>
    <ClInclude Include="Game\UserInterface\GameOverUI.h">
      <Filter>Game\UI</Filter>
    </ClInclude>
    <ClInclude Include="Game\Actor\SolarPanel.h">
      <Filter>Game\Actor</Filter>
    </ClInclude>
    <ClInclude Include="Game\Actor\SolarPanelBlock.h">
      <Filter>Game\Actor</Filter>
    </ClInclude>
    <ClInclude Include="Game\Main\InputManager.h">
      <Filter>Game\Main</Filter>
    </ClInclude>
    <ClInclude Include="Game\Info\ActorInfo.h">
      <Filter>Game\Info</Filter>
    </ClInclude>
    <ClInclude Include="Game\Component\BoxCollisionCmp.h">
      <Filter>Game\Component\Collision</Filter>
    </ClInclude>
    <ClInclude Include="Game\Component\CircleCollisionCmp.h">
      <Filter>Game\Component\Collision</Filter>
    </ClInclude>
    <ClInclude Include="Game\Component\CollisionManeger.h">
      <Filter>Game\Component\Collision</Filter>
    </ClInclude>
    <ClInclude Include="Game\Component\MapCollision.h">
      <Filter>Game\Component\Collision</Filter>
    </ClInclude>
    <ClInclude Include="Game\Component\Component.h">
      <Filter>Game\Component</Filter>
    </ClInclude>
    <ClInclude Include="Game\Component\DarkPictureCmp.h">
      <Filter>Game\Component\Actor</Filter>
    </ClInclude>
    <ClInclude Include="Game\Component\LightCmp.h">
      <Filter>Game\Component\Actor</Filter>
    </ClInclude>
    <ClInclude Include="Game\Component\RigidbodyCmp.h">
      <Filter>Game\Component\Actor</Filter>
    </ClInclude>
    <ClInclude Include="Game\Actor\ActorManager.h">
      <Filter>Game\Actor</Filter>
    </ClInclude>
    <ClInclude Include="Game\Info\SystemInfo.h">
      <Filter>Game\Info</Filter>
    </ClInclude>
    <ClInclude Include="Game\Info\EnumInfo.h">
      <Filter>Game\Info</Filter>
    </ClInclude>
    <ClInclude Include="Game\Component\PictureCmp.h">
      <Filter>Game\Component\Actor</Filter>
    </ClInclude>
    <ClInclude Include="Game\Map\MapChipActor.h">
      <Filter>Game\Map</Filter>
    </ClInclude>
    <ClInclude Include="Game\Main\RayCast.h">
      <Filter>Game\Main</Filter>
    </ClInclude>
    <ClInclude Include="Game\Info\PictureInfo.h">
      <Filter>Game\Info</Filter>
    </ClInclude>
    <ClInclude Include="Game\Info\ForwardDeclaration.h">
      <Filter>Game\Info</Filter>
    </ClInclude>
    <ClInclude Include="Game\Actor\Puddle.h">
      <Filter>Game\Actor</Filter>
    </ClInclude>
    <ClInclude Include="Game\Info\Point.h">
      <Filter>Game\Info</Filter>
    </ClInclude>
    <ClInclude Include="Game\Sound\Sound.h">
      <Filter>Game\Sound</Filter>
    </ClInclude>
    <ClInclude Include="Game\Sound\SoundManager.h">
      <Filter>Game\Sound</Filter>
    </ClInclude>
    <ClInclude Include="Game\Info\SoundInfo.h">
      <Filter>Game\Info</Filter>
    </ClInclude>
    <ClInclude Include="Game\Info\VideoInfo.h">
      <Filter>Game\Info</Filter>
    </ClInclude>
    <ClInclude Include="Game\Scene\TitleVideoScene.h">
      <Filter>Game\Scene</Filter>
    </ClInclude>
    <ClInclude Include="Game\UserInterface\TitleVideoUI.h">
      <Filter>Game\UI</Filter>
    </ClInclude>
    <ClInclude Include="Game\Picture\Slider.h">
      <Filter>Game\Picture</Filter>
    </ClInclude>
    <ClInclude Include="Game\Scene\CreditScene.h">
      <Filter>Game\Scene</Filter>
    </ClInclude>
    <ClInclude Include="Game\Scene\OptionScene.h">
      <Filter>Game\Scene</Filter>
    </ClInclude>
    <ClInclude Include="Game\UserInterface\OptionUI.h">
      <Filter>Game\UI</Filter>
    </ClInclude>
    <ClInclude Include="Game\Actor\ChaseGhost.h">
      <Filter>Game\Actor\Ghost</Filter>
    </ClInclude>
    <ClInclude Include="Game\Actor\AroundGhost.h">
      <Filter>Game\Actor\Ghost</Filter>
    </ClInclude>
    <ClInclude Include="Game\Actor\PastimeGhost.h">
      <Filter>Game\Actor\Ghost</Filter>
    </ClInclude>
    <ClInclude Include="Game\UserInterface\FadeUI.h">
      <Filter>Game\UI</Filter>
    </ClInclude>
    <ClInclude Include="Game\Actor\Door.h">
      <Filter>Game\Actor</Filter>
    </ClInclude>
    <ClInclude Include="Game\Info\MapChipInfo.h">
      <Filter>Game\Info</Filter>
    </ClInclude>
    <ClInclude Include="Game\Main\SaveDataControl.h" />
    <ClInclude Include="Game\UserInterface\CreditUI.h">
      <Filter>Game\UI</Filter>
    </ClInclude>
    <ClInclude Include="Game\Actor\Curtains.h">
      <Filter>Game\Actor</Filter>
    </ClInclude>
    <ClInclude Include="Game\Actor\SpotLight.h">
      <Filter>Game\Actor</Filter>
    </ClInclude>
    <ClInclude Include="Game\Component\LineLightCmp.h">
      <Filter>Game\Component\Actor</Filter>
    </ClInclude>
    <ClInclude Include="Game\Actor\SensitiveGhost.h">
      <Filter>Game\Actor\Ghost</Filter>
    </ClInclude>
    <ClInclude Include="Game\Component\OnSoundCmp.h">
      <Filter>Game\Component\Actor</Filter>
    </ClInclude>
    <ClInclude Include="Game\Component\ClearLightCmp.h">
      <Filter>Game\Component\Actor</Filter>
    </ClInclude>
    <ClInclude Include="Game\Actor\Boombox.h">
      <Filter>Game\Actor</Filter>
    </ClInclude>
    <ClInclude Include="Game\Actor\TutorialBox.h">
      <Filter>Game\Actor</Filter>
    </ClInclude>
    <ClInclude Include="Game\Component\InteractKeyCmp.h">
      <Filter>Game\Component\Actor</Filter>
    </ClInclude>
    <ClInclude Include="Game\Component\BatteryPictureCmp.h">
      <Filter>Game\Component\Actor</Filter>
    </ClInclude>
    <ClInclude Include="Game\Actor\MusicalNote.h">
      <Filter>Game\Actor</Filter>
    </ClInclude>
  </ItemGroup>
  <ItemGroup>
    <ResourceCompile Include="GameProg.rc">
      <Filter>リソース ファイル</Filter>
    </ResourceCompile>
  </ItemGroup>
  <ItemGroup>
    <Image Include="Picture\Icon.ico">
      <Filter>リソース ファイル</Filter>
    </Image>
  </ItemGroup>
</Project>